
Microsoft Visual Studio Solution File, Format Version 12.00
# Visual Studio Version 16
VisualStudioVersion = 16.0.810.14
MinimumVisualStudioVersion = 10.0.40219.1
Project("{FAE04EC0-301F-11D3-BF4B-00C04F79EFBC}") = "BulkyBook", "BulkyBook\BulkyBook.csproj", "{9971A99B-50D9-4B98-A570-A1254CB64112}"
EndProject
Project("{FAE04EC0-301F-11D3-BF4B-00C04F79EFBC}") = "BulkyBook.DataAccess", "BulkyBook.DataAccess\BulkyBook.DataAccess.csproj", "{348F0FCA-AC77-4C5E-8FC1-ECACC917F692}"
EndProject
Project("{FAE04EC0-301F-11D3-BF4B-00C04F79EFBC}") = "BulkyBook.Models", "BulkyBook.Models\BulkyBook.Models.csproj", "{61AD6DA2-C8BF-495B-9C16-8C6B0B9529A2}"
EndProject
Project("{FAE04EC0-301F-11D3-BF4B-00C04F79EFBC}") = "BulkyBook.Utility", "BulkyBook.Utility\BulkyBook.Utility.csproj", "{E2FAB40A-156D-4836-AA9E-C44C35DE0579}"
EndProject
Global
	GlobalSection(SolutionConfigurationPlatforms) = preSolution
		Debug|Any CPU = Debug|Any CPU
		Release|Any CPU = Release|Any CPU
	EndGlobalSection
	GlobalSection(ProjectConfigurationPlatforms) = postSolution
		{9971A99B-50D9-4B98-A570-A1254CB64112}.Debug|Any CPU.ActiveCfg = Debug|Any CPU
		{9971A99B-50D9-4B98-A570-A1254CB64112}.Debug|Any CPU.Build.0 = Debug|Any CPU
		{9971A99B-50D9-4B98-A570-A1254CB64112}.Release|Any CPU.ActiveCfg = Release|Any CPU
		{9971A99B-50D9-4B98-A570-A1254CB64112}.Release|Any CPU.Build.0 = Release|Any CPU
		{348F0FCA-AC77-4C5E-8FC1-ECACC917F692}.Debug|Any CPU.ActiveCfg = Debug|Any CPU
		{348F0FCA-AC77-4C5E-8FC1-ECACC917F692}.Debug|Any CPU.Build.0 = Debug|Any CPU
		{348F0FCA-AC77-4C5E-8FC1-ECACC917F692}.Release|Any CPU.ActiveCfg = Release|Any CPU
		{348F0FCA-AC77-4C5E-8FC1-ECACC917F692}.Release|Any CPU.Build.0 = Release|Any CPU
		{61AD6DA2-C8BF-495B-9C16-8C6B0B9529A2}.Debug|Any CPU.ActiveCfg = Debug|Any CPU
		{61AD6DA2-C8BF-495B-9C16-8C6B0B9529A2}.Debug|Any CPU.Build.0 = Debug|Any CPU
		{61AD6DA2-C8BF-495B-9C16-8C6B0B9529A2}.Release|Any CPU.ActiveCfg = Release|Any CPU
		{61AD6DA2-C8BF-495B-9C16-8C6B0B9529A2}.Release|Any CPU.Build.0 = Release|Any CPU
		{E2FAB40A-156D-4836-AA9E-C44C35DE0579}.Debug|Any CPU.ActiveCfg = Debug|Any CPU
		{E2FAB40A-156D-4836-AA9E-C44C35DE0579}.Debug|Any CPU.Build.0 = Debug|Any CPU
		{E2FAB40A-156D-4836-AA9E-C44C35DE0579}.Release|Any CPU.ActiveCfg = Release|Any CPU
		{E2FAB40A-156D-4836-AA9E-C44C35DE0579}.Release|Any CPU.Build.0 = Release|Any CPU
	EndGlobalSection
	GlobalSection(SolutionProperties) = preSolution
		HideSolutionNode = FALSE
	EndGlobalSection
	GlobalSection(ExtensibilityGlobals) = postSolution
		SolutionGuid = {73B020E9-7016-4952-93DA-7C18813D0621}
	EndGlobalSection
EndGlobal
